
Microsoft Visual Studio Solution File, Format Version 12.00
# Visual Studio Version 17
VisualStudioVersion = 17.2.32526.322
MinimumVisualStudioVersion = 10.0.40219.1
Project("{FAE04EC0-301F-11D3-BF4B-00C04F79EFBC}") = "PrincipioResponsabilidadUnica", "PrincipioResponsabilidadUnica\PrincipioResponsabilidadUnica.csproj", "{69F619BC-EC0C-46B0-8536-7A967DA1DCC8}"
EndProject
Global
	GlobalSection(SolutionConfigurationPlatforms) = preSolution
		Debug|Any CPU = Debug|Any CPU
		Release|Any CPU = Release|Any CPU
	EndGlobalSection
	GlobalSection(ProjectConfigurationPlatforms) = postSolution
		{69F619BC-EC0C-46B0-8536-7A967DA1DCC8}.Debug|Any CPU.ActiveCfg = Debug|Any CPU
		{69F619BC-EC0C-46B0-8536-7A967DA1DCC8}.Debug|Any CPU.Build.0 = Debug|Any CPU
		{69F619BC-EC0C-46B0-8536-7A967DA1DCC8}.Release|Any CPU.ActiveCfg = Release|Any CPU
		{69F619BC-EC0C-46B0-8536-7A967DA1DCC8}.Release|Any CPU.Build.0 = Release|Any CPU
	EndGlobalSection
	GlobalSection(SolutionProperties) = preSolution
		HideSolutionNode = FALSE
	EndGlobalSection
	GlobalSection(ExtensibilityGlobals) = postSolution
		SolutionGuid = {7808A774-A188-451A-8828-0E550ABA8781}
	EndGlobalSection
EndGlobal
